
Microsoft Visual Studio Solution File, Format Version 12.00
# Visual Studio Version 17
VisualStudioVersion = 17.1.32319.34
MinimumVisualStudioVersion = 10.0.40219.1
Project("{9A19103F-16F7-4668-BE54-9A1E7A4F7556}") = "01_Exercicio", "01_Exercicio\01_Exercicio.csproj", "{5911FBAF-CA08-4121-9164-AB38109D05E8}"
EndProject
Project("{9A19103F-16F7-4668-BE54-9A1E7A4F7556}") = "02_Exercicio", "02_Exercicio\02_Exercicio.csproj", "{C8DEC2DD-BC58-41F4-96F0-7B194AEA17D3}"
EndProject
Project("{9A19103F-16F7-4668-BE54-9A1E7A4F7556}") = "03_Exercicio", "03_Exercicio\03_Exercicio.csproj", "{7DC30ABB-2E27-4B47-8751-965ABF26DC5F}"
EndProject
Project("{9A19103F-16F7-4668-BE54-9A1E7A4F7556}") = "04_Exercicio", "04_Exercicio\04_Exercicio.csproj", "{5DE5148F-30C8-4533-883A-EB6A8BEB1244}"
EndProject
Project("{9A19103F-16F7-4668-BE54-9A1E7A4F7556}") = "05_Exercicio", "05_Exercicio\05_Exercicio.csproj", "{6BC8E6F1-5AE2-4885-A240-100AB44F7F21}"
EndProject
Project("{9A19103F-16F7-4668-BE54-9A1E7A4F7556}") = "06_Exercicio", "06_Exercicio\06_Exercicio.csproj", "{30CFE316-B99F-4837-A509-6B1D55F1F744}"
EndProject
Project("{9A19103F-16F7-4668-BE54-9A1E7A4F7556}") = "07_Exercicio", "07_Exercicio\07_Exercicio.csproj", "{AF300DBD-C091-455E-AAB8-14104CA7B90D}"
EndProject
Project("{9A19103F-16F7-4668-BE54-9A1E7A4F7556}") = "08_Exercicio", "08_Exercicio\08_Exercicio.csproj", "{C68C5D25-F7C6-4B1F-BC30-253503081E48}"
EndProject
Project("{9A19103F-16F7-4668-BE54-9A1E7A4F7556}") = "09_Exercicio", "09_Exercicio\09_Exercicio.csproj", "{BE3CB89F-2126-4B1C-8B0F-2C62C7C80A30}"
EndProject
Project("{9A19103F-16F7-4668-BE54-9A1E7A4F7556}") = "10_Exercicio", "10_Exercicio\10_Exercicio.csproj", "{88957D08-BD82-400E-96AA-1115112AF60B}"
EndProject
Project("{9A19103F-16F7-4668-BE54-9A1E7A4F7556}") = "11_Exercicio", "11_Exercicio\11_Exercicio.csproj", "{3AA0D6CA-A070-4FC6-B4AB-4433B3DD5F85}"
EndProject
Project("{9A19103F-16F7-4668-BE54-9A1E7A4F7556}") = "12_Exercicio", "12_Exercicio\12_Exercicio.csproj", "{A9DD09F7-09EB-4633-AB62-AD4676DFA658}"
EndProject
Project("{9A19103F-16F7-4668-BE54-9A1E7A4F7556}") = "13.Exercicio", "13.Exercicio\13.Exercicio.csproj", "{E31A1FEC-7614-4172-BFF4-4FD3B40E0CA6}"
EndProject
Project("{9A19103F-16F7-4668-BE54-9A1E7A4F7556}") = "14_Exercicio", "14_Exercicio\14_Exercicio.csproj", "{AB217411-8E52-4BB1-9AC7-264C7939077D}"
EndProject
Project("{9A19103F-16F7-4668-BE54-9A1E7A4F7556}") = "15_Exercicio_PrimeiroModo", "15_Exercicio\15_Exercicio_PrimeiroModo.csproj", "{2AD1346A-FC1B-49CF-926B-3B69F0D8FE36}"
EndProject
Project("{9A19103F-16F7-4668-BE54-9A1E7A4F7556}") = "15_Exercicio_SegundoModo", "15_Exercicio_SegundoModo\15_Exercicio_SegundoModo.csproj", "{4A2C16C9-8497-4F06-929E-7E4E725393A1}"
EndProject
Project("{9A19103F-16F7-4668-BE54-9A1E7A4F7556}") = "15_Exercicio_TerceiroModo", "15_Exercicio_TerceiroModo\15_Exercicio_TerceiroModo.csproj", "{45B16F0F-18DD-4CEB-9A95-09FAC7FE2492}"
EndProject
Project("{9A19103F-16F7-4668-BE54-9A1E7A4F7556}") = "16_Exercicio", "16_Exercicio\16_Exercicio.csproj", "{184F5B94-FB2C-43B7-A804-49E972556EFA}"
EndProject
Project("{9A19103F-16F7-4668-BE54-9A1E7A4F7556}") = "17_Exercicio", "17_Exercicio\17_Exercicio.csproj", "{32FAFA7F-9B77-4484-A22E-627CF28BA60E}"
EndProject
Project("{9A19103F-16F7-4668-BE54-9A1E7A4F7556}") = "18_Exercicio", "18_Exercicio\18_Exercicio.csproj", "{5C708223-C91A-4AD7-8938-3A1069933048}"
EndProject
Project("{9A19103F-16F7-4668-BE54-9A1E7A4F7556}") = "19_Exercicio", "19_Exercicio\19_Exercicio.csproj", "{263D7C1D-7182-4FB8-B68E-8AE059689156}"
EndProject
Project("{9A19103F-16F7-4668-BE54-9A1E7A4F7556}") = "20_Exercicio", "20_Exercicio\20_Exercicio.csproj", "{FB3340B6-EABF-4F02-B2B2-A8DF465AE2BA}"
EndProject
Project("{9A19103F-16F7-4668-BE54-9A1E7A4F7556}") = "21_Exercicio", "21_Exercicio\21_Exercicio.csproj", "{3E96C5D4-4A11-4AFA-B445-AA3DE051D19B}"
EndProject
Project("{9A19103F-16F7-4668-BE54-9A1E7A4F7556}") = "22_Exercicio", "22_Exercicio\22_Exercicio.csproj", "{E4617BC8-6D51-4190-9DB8-4BC602976EB0}"
EndProject
Project("{9A19103F-16F7-4668-BE54-9A1E7A4F7556}") = "23_Exercicio", "23_Exercicio\23_Exercicio.csproj", "{744DEAD1-3B96-4187-8775-6A99EF302387}"
EndProject
Project("{FAE04EC0-301F-11D3-BF4B-00C04F79EFBC}") = "24_Exercicio_Enumeracoes", "24_Exercicio_Enumeracoes\24_Exercicio_Enumeracoes.csproj", "{77777BD1-4330-4E2F-8AEF-44E18FC807E4}"
EndProject
Project("{FAE04EC0-301F-11D3-BF4B-00C04F79EFBC}") = "25_Exercicio_Resolvido", "25_Exercicio_Resolvido\25_Exercicio_Resolvido.csproj", "{77EB2564-1930-4392-BDA4-6F18407AACDC}"
EndProject
Global
	GlobalSection(SolutionConfigurationPlatforms) = preSolution
		Debug|Any CPU = Debug|Any CPU
		Release|Any CPU = Release|Any CPU
	EndGlobalSection
	GlobalSection(ProjectConfigurationPlatforms) = postSolution
		{5911FBAF-CA08-4121-9164-AB38109D05E8}.Debug|Any CPU.ActiveCfg = Debug|Any CPU
		{5911FBAF-CA08-4121-9164-AB38109D05E8}.Debug|Any CPU.Build.0 = Debug|Any CPU
		{5911FBAF-CA08-4121-9164-AB38109D05E8}.Release|Any CPU.ActiveCfg = Release|Any CPU
		{5911FBAF-CA08-4121-9164-AB38109D05E8}.Release|Any CPU.Build.0 = Release|Any CPU
		{C8DEC2DD-BC58-41F4-96F0-7B194AEA17D3}.Debug|Any CPU.ActiveCfg = Debug|Any CPU
		{C8DEC2DD-BC58-41F4-96F0-7B194AEA17D3}.Debug|Any CPU.Build.0 = Debug|Any CPU
		{C8DEC2DD-BC58-41F4-96F0-7B194AEA17D3}.Release|Any CPU.ActiveCfg = Release|Any CPU
		{C8DEC2DD-BC58-41F4-96F0-7B194AEA17D3}.Release|Any CPU.Build.0 = Release|Any CPU
		{7DC30ABB-2E27-4B47-8751-965ABF26DC5F}.Debug|Any CPU.ActiveCfg = Debug|Any CPU
		{7DC30ABB-2E27-4B47-8751-965ABF26DC5F}.Debug|Any CPU.Build.0 = Debug|Any CPU
		{7DC30ABB-2E27-4B47-8751-965ABF26DC5F}.Release|Any CPU.ActiveCfg = Release|Any CPU
		{7DC30ABB-2E27-4B47-8751-965ABF26DC5F}.Release|Any CPU.Build.0 = Release|Any CPU
		{5DE5148F-30C8-4533-883A-EB6A8BEB1244}.Debug|Any CPU.ActiveCfg = Debug|Any CPU
		{5DE5148F-30C8-4533-883A-EB6A8BEB1244}.Debug|Any CPU.Build.0 = Debug|Any CPU
		{5DE5148F-30C8-4533-883A-EB6A8BEB1244}.Release|Any CPU.ActiveCfg = Release|Any CPU
		{5DE5148F-30C8-4533-883A-EB6A8BEB1244}.Release|Any CPU.Build.0 = Release|Any CPU
		{6BC8E6F1-5AE2-4885-A240-100AB44F7F21}.Debug|Any CPU.ActiveCfg = Debug|Any CPU
		{6BC8E6F1-5AE2-4885-A240-100AB44F7F21}.Debug|Any CPU.Build.0 = Debug|Any CPU
		{6BC8E6F1-5AE2-4885-A240-100AB44F7F21}.Release|Any CPU.ActiveCfg = Release|Any CPU
		{6BC8E6F1-5AE2-4885-A240-100AB44F7F21}.Release|Any CPU.Build.0 = Release|Any CPU
		{30CFE316-B99F-4837-A509-6B1D55F1F744}.Debug|Any CPU.ActiveCfg = Debug|Any CPU
		{30CFE316-B99F-4837-A509-6B1D55F1F744}.Debug|Any CPU.Build.0 = Debug|Any CPU
		{30CFE316-B99F-4837-A509-6B1D55F1F744}.Release|Any CPU.ActiveCfg = Release|Any CPU
		{30CFE316-B99F-4837-A509-6B1D55F1F744}.Release|Any CPU.Build.0 = Release|Any CPU
		{AF300DBD-C091-455E-AAB8-14104CA7B90D}.Debug|Any CPU.ActiveCfg = Debug|Any CPU
		{AF300DBD-C091-455E-AAB8-14104CA7B90D}.Debug|Any CPU.Build.0 = Debug|Any CPU
		{AF300DBD-C091-455E-AAB8-14104CA7B90D}.Release|Any CPU.ActiveCfg = Release|Any CPU
		{AF300DBD-C091-455E-AAB8-14104CA7B90D}.Release|Any CPU.Build.0 = Release|Any CPU
		{C68C5D25-F7C6-4B1F-BC30-253503081E48}.Debug|Any CPU.ActiveCfg = Debug|Any CPU
		{C68C5D25-F7C6-4B1F-BC30-253503081E48}.Debug|Any CPU.Build.0 = Debug|Any CPU
		{C68C5D25-F7C6-4B1F-BC30-253503081E48}.Release|Any CPU.ActiveCfg = Release|Any CPU
		{C68C5D25-F7C6-4B1F-BC30-253503081E48}.Release|Any CPU.Build.0 = Release|Any CPU
		{BE3CB89F-2126-4B1C-8B0F-2C62C7C80A30}.Debug|Any CPU.ActiveCfg = Debug|Any CPU
		{BE3CB89F-2126-4B1C-8B0F-2C62C7C80A30}.Debug|Any CPU.Build.0 = Debug|Any CPU
		{BE3CB89F-2126-4B1C-8B0F-2C62C7C80A30}.Release|Any CPU.ActiveCfg = Release|Any CPU
		{BE3CB89F-2126-4B1C-8B0F-2C62C7C80A30}.Release|Any CPU.Build.0 = Release|Any CPU
		{88957D08-BD82-400E-96AA-1115112AF60B}.Debug|Any CPU.ActiveCfg = Debug|Any CPU
		{88957D08-BD82-400E-96AA-1115112AF60B}.Debug|Any CPU.Build.0 = Debug|Any CPU
		{88957D08-BD82-400E-96AA-1115112AF60B}.Release|Any CPU.ActiveCfg = Release|Any CPU
		{88957D08-BD82-400E-96AA-1115112AF60B}.Release|Any CPU.Build.0 = Release|Any CPU
		{3AA0D6CA-A070-4FC6-B4AB-4433B3DD5F85}.Debug|Any CPU.ActiveCfg = Debug|Any CPU
		{3AA0D6CA-A070-4FC6-B4AB-4433B3DD5F85}.Debug|Any CPU.Build.0 = Debug|Any CPU
		{3AA0D6CA-A070-4FC6-B4AB-4433B3DD5F85}.Release|Any CPU.ActiveCfg = Release|Any CPU
		{3AA0D6CA-A070-4FC6-B4AB-4433B3DD5F85}.Release|Any CPU.Build.0 = Release|Any CPU
		{A9DD09F7-09EB-4633-AB62-AD4676DFA658}.Debug|Any CPU.ActiveCfg = Debug|Any CPU
		{A9DD09F7-09EB-4633-AB62-AD4676DFA658}.Debug|Any CPU.Build.0 = Debug|Any CPU
		{A9DD09F7-09EB-4633-AB62-AD4676DFA658}.Release|Any CPU.ActiveCfg = Release|Any CPU
		{A9DD09F7-09EB-4633-AB62-AD4676DFA658}.Release|Any CPU.Build.0 = Release|Any CPU
		{E31A1FEC-7614-4172-BFF4-4FD3B40E0CA6}.Debug|Any CPU.ActiveCfg = Debug|Any CPU
		{E31A1FEC-7614-4172-BFF4-4FD3B40E0CA6}.Debug|Any CPU.Build.0 = Debug|Any CPU
		{E31A1FEC-7614-4172-BFF4-4FD3B40E0CA6}.Release|Any CPU.ActiveCfg = Release|Any CPU
		{E31A1FEC-7614-4172-BFF4-4FD3B40E0CA6}.Release|Any CPU.Build.0 = Release|Any CPU
		{AB217411-8E52-4BB1-9AC7-264C7939077D}.Debug|Any CPU.ActiveCfg = Debug|Any CPU
		{AB217411-8E52-4BB1-9AC7-264C7939077D}.Debug|Any CPU.Build.0 = Debug|Any CPU
		{AB217411-8E52-4BB1-9AC7-264C7939077D}.Release|Any CPU.ActiveCfg = Release|Any CPU
		{AB217411-8E52-4BB1-9AC7-264C7939077D}.Release|Any CPU.Build.0 = Release|Any CPU
		{2AD1346A-FC1B-49CF-926B-3B69F0D8FE36}.Debug|Any CPU.ActiveCfg = Debug|Any CPU
		{2AD1346A-FC1B-49CF-926B-3B69F0D8FE36}.Debug|Any CPU.Build.0 = Debug|Any CPU
		{2AD1346A-FC1B-49CF-926B-3B69F0D8FE36}.Release|Any CPU.ActiveCfg = Release|Any CPU
		{2AD1346A-FC1B-49CF-926B-3B69F0D8FE36}.Release|Any CPU.Build.0 = Release|Any CPU
		{4A2C16C9-8497-4F06-929E-7E4E725393A1}.Debug|Any CPU.ActiveCfg = Debug|Any CPU
		{4A2C16C9-8497-4F06-929E-7E4E725393A1}.Debug|Any CPU.Build.0 = Debug|Any CPU
		{4A2C16C9-8497-4F06-929E-7E4E725393A1}.Release|Any CPU.ActiveCfg = Release|Any CPU
		{4A2C16C9-8497-4F06-929E-7E4E725393A1}.Release|Any CPU.Build.0 = Release|Any CPU
		{45B16F0F-18DD-4CEB-9A95-09FAC7FE2492}.Debug|Any CPU.ActiveCfg = Debug|Any CPU
		{45B16F0F-18DD-4CEB-9A95-09FAC7FE2492}.Debug|Any CPU.Build.0 = Debug|Any CPU
		{45B16F0F-18DD-4CEB-9A95-09FAC7FE2492}.Release|Any CPU.ActiveCfg = Release|Any CPU
		{45B16F0F-18DD-4CEB-9A95-09FAC7FE2492}.Release|Any CPU.Build.0 = Release|Any CPU
		{184F5B94-FB2C-43B7-A804-49E972556EFA}.Debug|Any CPU.ActiveCfg = Debug|Any CPU
		{184F5B94-FB2C-43B7-A804-49E972556EFA}.Debug|Any CPU.Build.0 = Debug|Any CPU
		{184F5B94-FB2C-43B7-A804-49E972556EFA}.Release|Any CPU.ActiveCfg = Release|Any CPU
		{184F5B94-FB2C-43B7-A804-49E972556EFA}.Release|Any CPU.Build.0 = Release|Any CPU
		{32FAFA7F-9B77-4484-A22E-627CF28BA60E}.Debug|Any CPU.ActiveCfg = Debug|Any CPU
		{32FAFA7F-9B77-4484-A22E-627CF28BA60E}.Debug|Any CPU.Build.0 = Debug|Any CPU
		{32FAFA7F-9B77-4484-A22E-627CF28BA60E}.Release|Any CPU.ActiveCfg = Release|Any CPU
		{32FAFA7F-9B77-4484-A22E-627CF28BA60E}.Release|Any CPU.Build.0 = Release|Any CPU
		{5C708223-C91A-4AD7-8938-3A1069933048}.Debug|Any CPU.ActiveCfg = Debug|Any CPU
		{5C708223-C91A-4AD7-8938-3A1069933048}.Debug|Any CPU.Build.0 = Debug|Any CPU
		{5C708223-C91A-4AD7-8938-3A1069933048}.Release|Any CPU.ActiveCfg = Release|Any CPU
		{5C708223-C91A-4AD7-8938-3A1069933048}.Release|Any CPU.Build.0 = Release|Any CPU
		{263D7C1D-7182-4FB8-B68E-8AE059689156}.Debug|Any CPU.ActiveCfg = Debug|Any CPU
		{263D7C1D-7182-4FB8-B68E-8AE059689156}.Debug|Any CPU.Build.0 = Debug|Any CPU
		{263D7C1D-7182-4FB8-B68E-8AE059689156}.Release|Any CPU.ActiveCfg = Release|Any CPU
		{263D7C1D-7182-4FB8-B68E-8AE059689156}.Release|Any CPU.Build.0 = Release|Any CPU
		{FB3340B6-EABF-4F02-B2B2-A8DF465AE2BA}.Debug|Any CPU.ActiveCfg = Debug|Any CPU
		{FB3340B6-EABF-4F02-B2B2-A8DF465AE2BA}.Debug|Any CPU.Build.0 = Debug|Any CPU
		{FB3340B6-EABF-4F02-B2B2-A8DF465AE2BA}.Release|Any CPU.ActiveCfg = Release|Any CPU
		{FB3340B6-EABF-4F02-B2B2-A8DF465AE2BA}.Release|Any CPU.Build.0 = Release|Any CPU
		{3E96C5D4-4A11-4AFA-B445-AA3DE051D19B}.Debug|Any CPU.ActiveCfg = Debug|Any CPU
		{3E96C5D4-4A11-4AFA-B445-AA3DE051D19B}.Debug|Any CPU.Build.0 = Debug|Any CPU
		{3E96C5D4-4A11-4AFA-B445-AA3DE051D19B}.Release|Any CPU.ActiveCfg = Release|Any CPU
		{3E96C5D4-4A11-4AFA-B445-AA3DE051D19B}.Release|Any CPU.Build.0 = Release|Any CPU
		{E4617BC8-6D51-4190-9DB8-4BC602976EB0}.Debug|Any CPU.ActiveCfg = Debug|Any CPU
		{E4617BC8-6D51-4190-9DB8-4BC602976EB0}.Debug|Any CPU.Build.0 = Debug|Any CPU
		{E4617BC8-6D51-4190-9DB8-4BC602976EB0}.Release|Any CPU.ActiveCfg = Release|Any CPU
		{E4617BC8-6D51-4190-9DB8-4BC602976EB0}.Release|Any CPU.Build.0 = Release|Any CPU
		{744DEAD1-3B96-4187-8775-6A99EF302387}.Debug|Any CPU.ActiveCfg = Debug|Any CPU
		{744DEAD1-3B96-4187-8775-6A99EF302387}.Debug|Any CPU.Build.0 = Debug|Any CPU
		{744DEAD1-3B96-4187-8775-6A99EF302387}.Release|Any CPU.ActiveCfg = Release|Any CPU
		{744DEAD1-3B96-4187-8775-6A99EF302387}.Release|Any CPU.Build.0 = Release|Any CPU
		{77777BD1-4330-4E2F-8AEF-44E18FC807E4}.Debug|Any CPU.ActiveCfg = Debug|Any CPU
		{77777BD1-4330-4E2F-8AEF-44E18FC807E4}.Debug|Any CPU.Build.0 = Debug|Any CPU
		{77777BD1-4330-4E2F-8AEF-44E18FC807E4}.Release|Any CPU.ActiveCfg = Release|Any CPU
		{77777BD1-4330-4E2F-8AEF-44E18FC807E4}.Release|Any CPU.Build.0 = Release|Any CPU
		{77EB2564-1930-4392-BDA4-6F18407AACDC}.Debug|Any CPU.ActiveCfg = Debug|Any CPU
		{77EB2564-1930-4392-BDA4-6F18407AACDC}.Debug|Any CPU.Build.0 = Debug|Any CPU
		{77EB2564-1930-4392-BDA4-6F18407AACDC}.Release|Any CPU.ActiveCfg = Release|Any CPU
		{77EB2564-1930-4392-BDA4-6F18407AACDC}.Release|Any CPU.Build.0 = Release|Any CPU
	EndGlobalSection
	GlobalSection(SolutionProperties) = preSolution
		HideSolutionNode = FALSE
	EndGlobalSection
	GlobalSection(ExtensibilityGlobals) = postSolution
		SolutionGuid = {258DDF09-3D1C-4031-8112-C401614FCB68}
	EndGlobalSection
EndGlobal
